
Microsoft Visual Studio Solution File, Format Version 12.00
# Visual Studio 15
VisualStudioVersion = 15.0.27703.2035
MinimumVisualStudioVersion = 10.0.40219.1
Project("{FAE04EC0-301F-11D3-BF4B-00C04F79EFBC}") = "ConsoleApp1", "ConsoleApp1\ConsoleApp1.csproj", "{3B2D2B66-7891-48F0-B734-272FE79F41CF}"
EndProject
Project("{FAE04EC0-301F-11D3-BF4B-00C04F79EFBC}") = "ConsoleApp2", "ConsoleApp2\ConsoleApp2.csproj", "{1AD30C21-A967-4643-8C58-9F7A51A935F3}"
EndProject
Project("{FAE04EC0-301F-11D3-BF4B-00C04F79EFBC}") = "ConsoleApp3", "ConsoleApp3\ConsoleApp3.csproj", "{402D1A63-68D5-482A-9ACD-D8C46A659134}"
EndProject
Project("{FAE04EC0-301F-11D3-BF4B-00C04F79EFBC}") = "ConsoleApp4", "ConsoleApp4\ConsoleApp4.csproj", "{84A5F1C9-709A-4B4E-9530-6E640F877C96}"
EndProject
Global
	GlobalSection(SolutionConfigurationPlatforms) = preSolution
		Debug|Any CPU = Debug|Any CPU
		Release|Any CPU = Release|Any CPU
	EndGlobalSection
	GlobalSection(ProjectConfigurationPlatforms) = postSolution
		{3B2D2B66-7891-48F0-B734-272FE79F41CF}.Debug|Any CPU.ActiveCfg = Debug|Any CPU
		{3B2D2B66-7891-48F0-B734-272FE79F41CF}.Debug|Any CPU.Build.0 = Debug|Any CPU
		{3B2D2B66-7891-48F0-B734-272FE79F41CF}.Release|Any CPU.ActiveCfg = Release|Any CPU
		{3B2D2B66-7891-48F0-B734-272FE79F41CF}.Release|Any CPU.Build.0 = Release|Any CPU
		{1AD30C21-A967-4643-8C58-9F7A51A935F3}.Debug|Any CPU.ActiveCfg = Debug|Any CPU
		{1AD30C21-A967-4643-8C58-9F7A51A935F3}.Debug|Any CPU.Build.0 = Debug|Any CPU
		{1AD30C21-A967-4643-8C58-9F7A51A935F3}.Release|Any CPU.ActiveCfg = Release|Any CPU
		{1AD30C21-A967-4643-8C58-9F7A51A935F3}.Release|Any CPU.Build.0 = Release|Any CPU
		{402D1A63-68D5-482A-9ACD-D8C46A659134}.Debug|Any CPU.ActiveCfg = Debug|Any CPU
		{402D1A63-68D5-482A-9ACD-D8C46A659134}.Debug|Any CPU.Build.0 = Debug|Any CPU
		{402D1A63-68D5-482A-9ACD-D8C46A659134}.Release|Any CPU.ActiveCfg = Release|Any CPU
		{402D1A63-68D5-482A-9ACD-D8C46A659134}.Release|Any CPU.Build.0 = Release|Any CPU
		{84A5F1C9-709A-4B4E-9530-6E640F877C96}.Debug|Any CPU.ActiveCfg = Debug|Any CPU
		{84A5F1C9-709A-4B4E-9530-6E640F877C96}.Debug|Any CPU.Build.0 = Debug|Any CPU
		{84A5F1C9-709A-4B4E-9530-6E640F877C96}.Release|Any CPU.ActiveCfg = Release|Any CPU
		{84A5F1C9-709A-4B4E-9530-6E640F877C96}.Release|Any CPU.Build.0 = Release|Any CPU
	EndGlobalSection
	GlobalSection(SolutionProperties) = preSolution
		HideSolutionNode = FALSE
	EndGlobalSection
	GlobalSection(ExtensibilityGlobals) = postSolution
		SolutionGuid = {A6C17D94-B4C4-4CA4-9116-DCDF4909AA4D}
	EndGlobalSection
EndGlobal
